
Microsoft Visual Studio Solution File, Format Version 12.00
# Visual Studio 15
VisualStudioVersion = 15.0.28307.779
MinimumVisualStudioVersion = 10.0.40219.1
Project("{FAE04EC0-301F-11D3-BF4B-00C04F79EFBC}") = "Adapter", "Adapter\Adapter.csproj", "{6699A8DB-85AE-44A0-B995-09B29D0ACEDC}"
EndProject
Global
	GlobalSection(SolutionConfigurationPlatforms) = preSolution
		Debug|Any CPU = Debug|Any CPU
		Release|Any CPU = Release|Any CPU
	EndGlobalSection
	GlobalSection(ProjectConfigurationPlatforms) = postSolution
		{6699A8DB-85AE-44A0-B995-09B29D0ACEDC}.Debug|Any CPU.ActiveCfg = Debug|Any CPU
		{6699A8DB-85AE-44A0-B995-09B29D0ACEDC}.Debug|Any CPU.Build.0 = Debug|Any CPU
		{6699A8DB-85AE-44A0-B995-09B29D0ACEDC}.Release|Any CPU.ActiveCfg = Release|Any CPU
		{6699A8DB-85AE-44A0-B995-09B29D0ACEDC}.Release|Any CPU.Build.0 = Release|Any CPU
	EndGlobalSection
	GlobalSection(SolutionProperties) = preSolution
		HideSolutionNode = FALSE
	EndGlobalSection
	GlobalSection(ExtensibilityGlobals) = postSolution
		SolutionGuid = {4199FB0A-9C83-4C60-89B7-099B726788D3}
	EndGlobalSection
EndGlobal
